{
  "name": "@cyftec/signal",
  "version": "0.3.1",
  "lockfileVersion": 3,
  "requires": true,
  "packages": {
    "": {
      "name": "@cyftec/signal",
      "version": "0.3.1",
      "license": "MIT",
      "dependencies": {
        "@cyftec/immutjs": "^0.2.3"
      },
      "devDependencies": {
        "typescript": "^5.6.2"
      }
    },
    "node_modules/@cyftec/immutjs": {
      "version": "0.2.3",
      "resolved": "https://registry.npmjs.org/@cyftec/immutjs/-/immutjs-0.2.3.tgz",
      "integrity": "sha512-Q9k6/GEHDHZPMJkhbPV/rRy+6bnBioIWdILa8O7JtgXiC2uOA+vJy845zKo4ZXBJCTcoaDG41YgkWLyrwoMjgw=="
    },
    "node_modules/typescript": {
      "version": "5.6.2",
      "resolved": "https://registry.npmjs.org/typescript/-/typescript-5.6.2.tgz",
      "integrity": "sha512-NW8ByodCSNCwZeghjN3o+JX5OFH0Ojg6sadjEKY4huZ52TqbJTJnDo5+Tw98lSy63NZvi4n+ez5m2u5d4PkZyw==",
      "dev": true,
      "bin": {
        "tsc": "bin/tsc",
        "tsserver": "bin/tsserver"
      },
      "engines": {
        "node": ">=14.17"
      }
    }
  }
}
